
Microsoft Visual Studio Solution File, Format Version 12.00
# Visual Studio Version 17
VisualStudioVersion = 17.5.002.0
MinimumVisualStudioVersion = 10.0.40219.1
Project("{9A19103F-16F7-4668-BE54-9A1E7A4F7556}") = "TestNetMVC", "TestNetMVC.csproj", "{DF1D7173-CD5B-4ADC-A883-1CA668D7EFA2}"
EndProject
Global
	GlobalSection(SolutionConfigurationPlatforms) = preSolution
		Debug|Any CPU = Debug|Any CPU
		Release|Any CPU = Release|Any CPU
	EndGlobalSection
	GlobalSection(ProjectConfigurationPlatforms) = postSolution
		{DF1D7173-CD5B-4ADC-A883-1CA668D7EFA2}.Debug|Any CPU.ActiveCfg = Debug|Any CPU
		{DF1D7173-CD5B-4ADC-A883-1CA668D7EFA2}.Debug|Any CPU.Build.0 = Debug|Any CPU
		{DF1D7173-CD5B-4ADC-A883-1CA668D7EFA2}.Release|Any CPU.ActiveCfg = Release|Any CPU
		{DF1D7173-CD5B-4ADC-A883-1CA668D7EFA2}.Release|Any CPU.Build.0 = Release|Any CPU
	EndGlobalSection
	GlobalSection(SolutionProperties) = preSolution
		HideSolutionNode = FALSE
	EndGlobalSection
	GlobalSection(ExtensibilityGlobals) = postSolution
		SolutionGuid = {609CDC40-AD03-410E-86C0-1CD741746689}
	EndGlobalSection
EndGlobal
